
Microsoft Visual Studio Solution File, Format Version 12.00
# Visual Studio Version 17
VisualStudioVersion = 17.11.35312.102
MinimumVisualStudioVersion = 10.0.40219.1
Project("{FAE04EC0-301F-11D3-BF4B-00C04F79EFBC}") = "Fukicycle.Tool.Firebase.Realtime.Database.Extention", "Fukicycle.Tool.Firebase.Realtime.Database.Extention\Fukicycle.Tool.Firebase.Realtime.Database.Extention.csproj", "{86434C98-98CF-46A6-9AAC-C90F2B96A965}"
EndProject
Global
	GlobalSection(SolutionConfigurationPlatforms) = preSolution
		Debug|Any CPU = Debug|Any CPU
		Release|Any CPU = Release|Any CPU
	EndGlobalSection
	GlobalSection(ProjectConfigurationPlatforms) = postSolution
		{86434C98-98CF-46A6-9AAC-C90F2B96A965}.Debug|Any CPU.ActiveCfg = Debug|Any CPU
		{86434C98-98CF-46A6-9AAC-C90F2B96A965}.Debug|Any CPU.Build.0 = Debug|Any CPU
		{86434C98-98CF-46A6-9AAC-C90F2B96A965}.Release|Any CPU.ActiveCfg = Release|Any CPU
		{86434C98-98CF-46A6-9AAC-C90F2B96A965}.Release|Any CPU.Build.0 = Release|Any CPU
	EndGlobalSection
	GlobalSection(SolutionProperties) = preSolution
		HideSolutionNode = FALSE
	EndGlobalSection
	GlobalSection(ExtensibilityGlobals) = postSolution
		SolutionGuid = {C9CBFFD5-CC26-4417-BB79-414FC7A4A9C6}
	EndGlobalSection
EndGlobal
